// !$*UTF8*$!
{
	archiveVersion = 1;
	classes = {
	};
	objectVersion = 50;
	objects = {

/* Begin PBXBuildFile section */
		7821384423804A0E002E3FD5 /* AnalyticStruct.swift in Sources */ = {isa = PBXBuildFile; fileRef = 7821384323804A0E002E3FD5 /* AnalyticStruct.swift */; };
		78213848238059BF002E3FD5 /* CurrencyManager.swift in Sources */ = {isa = PBXBuildFile; fileRef = 78213847238059BF002E3FD5 /* CurrencyManager.swift */; };
		7821384C238060B4002E3FD5 /* Date.swift in Sources */ = {isa = PBXBuildFile; fileRef = 7821384B238060B4002E3FD5 /* Date.swift */; };
		78AFBDBE237FF8DD00E8C117 /* Server.swift in Sources */ = {isa = PBXBuildFile; fileRef = 78AFBDBD237FF8DD00E8C117 /* Server.swift */; };
		78AFBDC0237FFBC500E8C117 /* ECB.swift in Sources */ = {isa = PBXBuildFile; fileRef = 78AFBDBF237FFBC500E8C117 /* ECB.swift */; };
		78AFBDC6238001EF00E8C117 /* CurrencyListDTO.swift in Sources */ = {isa = PBXBuildFile; fileRef = 78AFBDC5238001EF00E8C117 /* CurrencyListDTO.swift */; };
		78AFBDCA2380028D00E8C117 /* CurrencyList.swift in Sources */ = {isa = PBXBuildFile; fileRef = 78AFBDC92380028D00E8C117 /* CurrencyList.swift */; };
		78AFBDD023800BF200E8C117 /* DataBase.swift in Sources */ = {isa = PBXBuildFile; fileRef = 78AFBDCF23800BF200E8C117 /* DataBase.swift */; };
		78AFBDD523800F7300E8C117 /* CurrencyListUpdate.swift in Sources */ = {isa = PBXBuildFile; fileRef = 78AFBDD423800F7300E8C117 /* CurrencyListUpdate.swift */; };
		78AFBDD82380127900E8C117 /* User.swift in Sources */ = {isa = PBXBuildFile; fileRef = 78AFBDD72380127800E8C117 /* User.swift */; };
		A4C1FB542380A6F6002C2CE2 /* CollectioViewScreen.swift in Sources */ = {isa = PBXBuildFile; fileRef = A4C1FB532380A6F6002C2CE2 /* CollectioViewScreen.swift */; };
		A4C1FB582380AB25002C2CE2 /* CollectionViewCell.swift in Sources */ = {isa = PBXBuildFile; fileRef = A4C1FB572380AB25002C2CE2 /* CollectionViewCell.swift */; };
		A4EF948F237FFA5C00C9A712 /* RootViewController.swift in Sources */ = {isa = PBXBuildFile; fileRef = A4EF948E237FFA5C00C9A712 /* RootViewController.swift */; };
		B15BAD3D23800CBD0079494E /* MainViewController.swift in Sources */ = {isa = PBXBuildFile; fileRef = B15BAD3823800CBD0079494E /* MainViewController.swift */; };
		B15BAD3E23800CBD0079494E /* TouchIdAuthViewController.swift in Sources */ = {isa = PBXBuildFile; fileRef = B15BAD3923800CBD0079494E /* TouchIdAuthViewController.swift */; };
		B15BAD3F23800CBD0079494E /* LoginViewController.swift in Sources */ = {isa = PBXBuildFile; fileRef = B15BAD3A23800CBD0079494E /* LoginViewController.swift */; };
		B15BAD4023800CBD0079494E /* ARViewController.swift in Sources */ = {isa = PBXBuildFile; fileRef = B15BAD3B23800CBD0079494E /* ARViewController.swift */; };
		B18F38722380B730002422A8 /* LocalAuthentication.framework in Frameworks */ = {isa = PBXBuildFile; fileRef = B18F38712380B730002422A8 /* LocalAuthentication.framework */; settings = {ATTRIBUTES = (Required, ); }; };
		B1F7F39B237FF59500929800 /* AppDelegate.swift in Sources */ = {isa = PBXBuildFile; fileRef = B1F7F39A237FF59500929800 /* AppDelegate.swift */; };
		B1F7F3A2237FF59800929800 /* Assets.xcassets in Resources */ = {isa = PBXBuildFile; fileRef = B1F7F3A1237FF59800929800 /* Assets.xcassets */; };
		B1F7F3A5237FF59800929800 /* LaunchScreen.storyboard in Resources */ = {isa = PBXBuildFile; fileRef = B1F7F3A3237FF59800929800 /* LaunchScreen.storyboard */; };
/* End PBXBuildFile section */

/* Begin PBXFileReference section */
		7821384323804A0E002E3FD5 /* AnalyticStruct.swift */ = {isa = PBXFileReference; lastKnownFileType = sourcecode.swift; path = AnalyticStruct.swift; sourceTree = "<group>"; };
		78213847238059BF002E3FD5 /* CurrencyManager.swift */ = {isa = PBXFileReference; lastKnownFileType = sourcecode.swift; path = CurrencyManager.swift; sourceTree = "<group>"; };
		7821384B238060B4002E3FD5 /* Date.swift */ = {isa = PBXFileReference; lastKnownFileType = sourcecode.swift; path = Date.swift; sourceTree = "<group>"; };
		78AFBDBD237FF8DD00E8C117 /* Server.swift */ = {isa = PBXFileReference; lastKnownFileType = sourcecode.swift; path = Server.swift; sourceTree = "<group>"; };
		78AFBDBF237FFBC500E8C117 /* ECB.swift */ = {isa = PBXFileReference; lastKnownFileType = sourcecode.swift; path = ECB.swift; sourceTree = "<group>"; };
		78AFBDC5238001EF00E8C117 /* CurrencyListDTO.swift */ = {isa = PBXFileReference; lastKnownFileType = sourcecode.swift; path = CurrencyListDTO.swift; sourceTree = "<group>"; };
		78AFBDC92380028D00E8C117 /* CurrencyList.swift */ = {isa = PBXFileReference; lastKnownFileType = sourcecode.swift; path = CurrencyList.swift; sourceTree = "<group>"; };
		78AFBDCF23800BF200E8C117 /* DataBase.swift */ = {isa = PBXFileReference; lastKnownFileType = sourcecode.swift; path = DataBase.swift; sourceTree = "<group>"; };
		78AFBDD423800F7300E8C117 /* CurrencyListUpdate.swift */ = {isa = PBXFileReference; lastKnownFileType = sourcecode.swift; path = CurrencyListUpdate.swift; sourceTree = "<group>"; };
		78AFBDD72380127800E8C117 /* User.swift */ = {isa = PBXFileReference; fileEncoding = 4; lastKnownFileType = sourcecode.swift; name = User.swift; path = Model/User.swift; sourceTree = SOURCE_ROOT; };
		A4C1FB532380A6F6002C2CE2 /* CollectioViewScreen.swift */ = {isa = PBXFileReference; lastKnownFileType = sourcecode.swift; path = CollectioViewScreen.swift; sourceTree = "<group>"; };
		A4C1FB572380AB25002C2CE2 /* CollectionViewCell.swift */ = {isa = PBXFileReference; lastKnownFileType = sourcecode.swift; path = CollectionViewCell.swift; sourceTree = "<group>"; };
		A4EF948E237FFA5C00C9A712 /* RootViewController.swift */ = {isa = PBXFileReference; lastKnownFileType = sourcecode.swift; path = RootViewController.swift; sourceTree = "<group>"; };
		B15BAD3823800CBD0079494E /* MainViewController.swift */ = {isa = PBXFileReference; fileEncoding = 4; lastKnownFileType = sourcecode.swift; path = MainViewController.swift; sourceTree = "<group>"; };
		B15BAD3923800CBD0079494E /* TouchIdAuthViewController.swift */ = {isa = PBXFileReference; fileEncoding = 4; lastKnownFileType = sourcecode.swift; path = TouchIdAuthViewController.swift; sourceTree = "<group>"; };
		B15BAD3A23800CBD0079494E /* LoginViewController.swift */ = {isa = PBXFileReference; fileEncoding = 4; lastKnownFileType = sourcecode.swift; path = LoginViewController.swift; sourceTree = "<group>"; };
		B15BAD3B23800CBD0079494E /* ARViewController.swift */ = {isa = PBXFileReference; fileEncoding = 4; lastKnownFileType = sourcecode.swift; path = ARViewController.swift; sourceTree = "<group>"; };
		B18F38712380B730002422A8 /* LocalAuthentication.framework */ = {isa = PBXFileReference; lastKnownFileType = wrapper.framework; name = LocalAuthentication.framework; path = System/Library/Frameworks/LocalAuthentication.framework; sourceTree = SDKROOT; };
		B1F7F397237FF59500929800 /* SberbankStepUp.app */ = {isa = PBXFileReference; explicitFileType = wrapper.application; includeInIndex = 0; path = SberbankStepUp.app; sourceTree = BUILT_PRODUCTS_DIR; };
		B1F7F39A237FF59500929800 /* AppDelegate.swift */ = {isa = PBXFileReference; lastKnownFileType = sourcecode.swift; path = AppDelegate.swift; sourceTree = "<group>"; };
		B1F7F3A1237FF59800929800 /* Assets.xcassets */ = {isa = PBXFileReference; lastKnownFileType = folder.assetcatalog; path = Assets.xcassets; sourceTree = "<group>"; };
		B1F7F3A4237FF59800929800 /* Base */ = {isa = PBXFileReference; lastKnownFileType = file.storyboard; name = Base; path = Base.lproj/LaunchScreen.storyboard; sourceTree = "<group>"; };
		B1F7F3A6237FF59800929800 /* Info.plist */ = {isa = PBXFileReference; lastKnownFileType = text.plist.xml; path = Info.plist; sourceTree = "<group>"; };
/* End PBXFileReference section */

/* Begin PBXFrameworksBuildPhase section */
		B1F7F394237FF59500929800 /* Frameworks */ = {
			isa = PBXFrameworksBuildPhase;
			buildActionMask = 2147483647;
			files = (
				B18F38722380B730002422A8 /* LocalAuthentication.framework in Frameworks */,
			);
			runOnlyForDeploymentPostprocessing = 0;
		};
/* End PBXFrameworksBuildPhase section */

/* Begin PBXGroup section */
		782138452380549D002E3FD5 /* Helpers */ = {
			isa = PBXGroup;
			children = (
				78AFBDCF23800BF200E8C117 /* DataBase.swift */,
				78AFBDBF237FFBC500E8C117 /* ECB.swift */,
			);
			path = Helpers;
			sourceTree = "<group>";
		};
		7821384923805A83002E3FD5 /* Managers */ = {
			isa = PBXGroup;
			children = (
				78213847238059BF002E3FD5 /* CurrencyManager.swift */,
			);
			path = Managers;
			sourceTree = "<group>";
		};
		7821384A238060A2002E3FD5 /* Extensions */ = {
			isa = PBXGroup;
			children = (
				7821384B238060B4002E3FD5 /* Date.swift */,
			);
			path = Extensions;
			sourceTree = "<group>";
		};
		78AFBDBB237FF7A900E8C117 /* Screens */ = {
			isa = PBXGroup;
			children = (
				B15BAD3A23800CBD0079494E /* LoginViewController.swift */,
				B15BAD3923800CBD0079494E /* TouchIdAuthViewController.swift */,
				B15BAD3823800CBD0079494E /* MainViewController.swift */,
				B15BAD3B23800CBD0079494E /* ARViewController.swift */,
				A4C1FB532380A6F6002C2CE2 /* CollectioViewScreen.swift */,
				A4C1FB572380AB25002C2CE2 /* CollectionViewCell.swift */,
			);
			path = Screens;
			sourceTree = "<group>";
		};
		78AFBDBC237FF89E00E8C117 /* Server */ = {
			isa = PBXGroup;
			children = (
				782138452380549D002E3FD5 /* Helpers */,
				78AFBDBD237FF8DD00E8C117 /* Server.swift */,
			);
			path = Server;
			sourceTree = "<group>";
		};
		78AFBDC1237FFCC100E8C117 /* Model */ = {
			isa = PBXGroup;
			children = (
				78AFBDC5238001EF00E8C117 /* CurrencyListDTO.swift */,
				78AFBDC92380028D00E8C117 /* CurrencyList.swift */,
				7821384323804A0E002E3FD5 /* AnalyticStruct.swift */,
				78AFBDD72380127800E8C117 /* User.swift */,
			);
			path = Model;
			sourceTree = "<group>";
		};
		78AFBDD623800F7D00E8C117 /* Protocols */ = {
			isa = PBXGroup;
			children = (
				78AFBDD423800F7300E8C117 /* CurrencyListUpdate.swift */,
			);
			path = Protocols;
			sourceTree = "<group>";
		};
		B18F38702380B730002422A8 /* Frameworks */ = {
			isa = PBXGroup;
			children = (
				B18F38712380B730002422A8 /* LocalAuthentication.framework */,
			);
			name = Frameworks;
			sourceTree = "<group>";
		};
		B1F7F38E237FF59500929800 = {
			isa = PBXGroup;
			children = (
				78AFBDBB237FF7A900E8C117 /* Screens */,
				7821384923805A83002E3FD5 /* Managers */,
				78AFBDC1237FFCC100E8C117 /* Model */,
				78AFBDBC237FF89E00E8C117 /* Server */,
				78AFBDD623800F7D00E8C117 /* Protocols */,
				7821384A238060A2002E3FD5 /* Extensions */,
				B1F7F3A1237FF59800929800 /* Assets.xcassets */,
				B1F7F399237FF59500929800 /* SberbankStepUp */,
				B1F7F398237FF59500929800 /* Products */,
				B18F38702380B730002422A8 /* Frameworks */,
			);
			sourceTree = "<group>";
		};
		B1F7F398237FF59500929800 /* Products */ = {
			isa = PBXGroup;
			children = (
				B1F7F397237FF59500929800 /* SberbankStepUp.app */,
			);
			name = Products;
			sourceTree = "<group>";
		};
		B1F7F399237FF59500929800 /* SberbankStepUp */ = {
			isa = PBXGroup;
			children = (
				B1F7F39A237FF59500929800 /* AppDelegate.swift */,
				A4EF948E237FFA5C00C9A712 /* RootViewController.swift */,
				B1F7F3A3237FF59800929800 /* LaunchScreen.storyboard */,
				B1F7F3A6237FF59800929800 /* Info.plist */,
			);
			path = SberbankStepUp;
			sourceTree = "<group>";
		};
/* End PBXGroup section */

/* Begin PBXNativeTarget section */
		B1F7F396237FF59500929800 /* SberbankStepUp */ = {
			isa = PBXNativeTarget;
			buildConfigurationList = B1F7F3A9237FF59800929800 /* Build configuration list for PBXNativeTarget "SberbankStepUp" */;
			buildPhases = (
				B1F7F393237FF59500929800 /* Sources */,
				B1F7F394237FF59500929800 /* Frameworks */,
				B1F7F395237FF59500929800 /* Resources */,
			);
			buildRules = (
			);
			dependencies = (
			);
			name = SberbankStepUp;
			productName = SberbankStepUp;
			productReference = B1F7F397237FF59500929800 /* SberbankStepUp.app */;
			productType = "com.apple.product-type.application";
		};
/* End PBXNativeTarget section */

/* Begin PBXProject section */
		B1F7F38F237FF59500929800 /* Project object */ = {
			isa = PBXProject;
			attributes = {
				LastSwiftUpdateCheck = 1030;
				LastUpgradeCheck = 1030;
				ORGANIZATIONNAME = jorge;
				TargetAttributes = {
					B1F7F396237FF59500929800 = {
						CreatedOnToolsVersion = 10.3;
					};
				};
			};
			buildConfigurationList = B1F7F392237FF59500929800 /* Build configuration list for PBXProject "SberbankStepUp" */;
			compatibilityVersion = "Xcode 9.3";
			developmentRegion = en;
			hasScannedForEncodings = 0;
			knownRegions = (
				en,
				Base,
			);
			mainGroup = B1F7F38E237FF59500929800;
			productRefGroup = B1F7F398237FF59500929800 /* Products */;
			projectDirPath = "";
			projectRoot = "";
			targets = (
				B1F7F396237FF59500929800 /* SberbankStepUp */,
			);
		};
/* End PBXProject section */

/* Begin PBXResourcesBuildPhase section */
		B1F7F395237FF59500929800 /* Resources */ = {
			isa = PBXResourcesBuildPhase;
			buildActionMask = 2147483647;
			files = (
				B1F7F3A5237FF59800929800 /* LaunchScreen.storyboard in Resources */,
				B1F7F3A2237FF59800929800 /* Assets.xcassets in Resources */,
			);
			runOnlyForDeploymentPostprocessing = 0;
		};
/* End PBXResourcesBuildPhase section */

/* Begin PBXSourcesBuildPhase section */
		B1F7F393237FF59500929800 /* Sources */ = {
			isa = PBXSourcesBuildPhase;
			buildActionMask = 2147483647;
			files = (
				B15BAD3D23800CBD0079494E /* MainViewController.swift in Sources */,
				78AFBDD023800BF200E8C117 /* DataBase.swift in Sources */,
				A4C1FB582380AB25002C2CE2 /* CollectionViewCell.swift in Sources */,
				A4EF948F237FFA5C00C9A712 /* RootViewController.swift in Sources */,
				7821384C238060B4002E3FD5 /* Date.swift in Sources */,
				A4C1FB542380A6F6002C2CE2 /* CollectioViewScreen.swift in Sources */,
				78AFBDD82380127900E8C117 /* User.swift in Sources */,
				78AFBDC0237FFBC500E8C117 /* ECB.swift in Sources */,
				78AFBDD523800F7300E8C117 /* CurrencyListUpdate.swift in Sources */,
				78AFBDBE237FF8DD00E8C117 /* Server.swift in Sources */,
				78AFBDCA2380028D00E8C117 /* CurrencyList.swift in Sources */,
				7821384423804A0E002E3FD5 /* AnalyticStruct.swift in Sources */,
				78AFBDC6238001EF00E8C117 /* CurrencyListDTO.swift in Sources */,
				78213848238059BF002E3FD5 /* CurrencyManager.swift in Sources */,
				B1F7F39B237FF59500929800 /* AppDelegate.swift in Sources */,
				B15BAD4023800CBD0079494E /* ARViewController.swift in Sources */,
				B15BAD3F23800CBD0079494E /* LoginViewController.swift in Sources */,
				B15BAD3E23800CBD0079494E /* TouchIdAuthViewController.swift in Sources */,
			);
			runOnlyForDeploymentPostprocessing = 0;
		};
/* End PBXSourcesBuildPhase section */

/* Begin PBXVariantGroup section */
		B1F7F3A3237FF59800929800 /* LaunchScreen.storyboard */ = {
			isa = PBXVariantGroup;
			children = (
				B1F7F3A4237FF59800929800 /* Base */,
			);
			name = LaunchScreen.storyboard;
			sourceTree = "<group>";
		};
/* End PBXVariantGroup section */

/* Begin XCBuildConfiguration section */
		B1F7F3A7237FF59800929800 /* Debug */ = {
			isa = XCBuildConfiguration;
			buildSettings = {
				ALWAYS_SEARCH_USER_PATHS = NO;
				CLANG_ANALYZER_NONNULL = YES;
				CLANG_ANALYZER_NUMBER_OBJECT_CONVERSION = YES_AGGRESSIVE;
				CLANG_CXX_LANGUAGE_STANDARD = "gnu++14";
				CLANG_CXX_LIBRARY = "libc++";
				CLANG_ENABLE_MODULES = YES;
				CLANG_ENABLE_OBJC_ARC = YES;
				CLANG_ENABLE_OBJC_WEAK = YES;
				CLANG_WARN_BLOCK_CAPTURE_AUTORELEASING = YES;
				CLANG_WARN_BOOL_CONVERSION = YES;
				CLANG_WARN_COMMA = YES;
				CLANG_WARN_CONSTANT_CONVERSION = YES;
				CLANG_WARN_DEPRECATED_OBJC_IMPLEMENTATIONS = YES;
				CLANG_WARN_DIRECT_OBJC_ISA_USAGE = YES_ERROR;
				CLANG_WARN_DOCUMENTATION_COMMENTS = YES;
				CLANG_WARN_EMPTY_BODY = YES;
				CLANG_WARN_ENUM_CONVERSION = YES;
				CLANG_WARN_INFINITE_RECURSION = YES;
				CLANG_WARN_INT_CONVERSION = YES;
				CLANG_WARN_NON_LITERAL_NULL_CONVERSION = YES;
				CLANG_WARN_OBJC_IMPLICIT_RETAIN_SELF = YES;
				CLANG_WARN_OBJC_LITERAL_CONVERSION = YES;
				CLANG_WARN_OBJC_ROOT_CLASS = YES_ERROR;
				CLANG_WARN_RANGE_LOOP_ANALYSIS = YES;
				CLANG_WARN_STRICT_PROTOTYPES = YES;
				CLANG_WARN_SUSPICIOUS_MOVE = YES;
				CLANG_WARN_UNGUARDED_AVAILABILITY = YES_AGGRESSIVE;
				CLANG_WARN_UNREACHABLE_CODE = YES;
				CLANG_WARN__DUPLICATE_METHOD_MATCH = YES;
				CODE_SIGN_IDENTITY = "iPhone Developer";
				COPY_PHASE_STRIP = NO;
				DEBUG_INFORMATION_FORMAT = dwarf;
				ENABLE_STRICT_OBJC_MSGSEND = YES;
				ENABLE_TESTABILITY = YES;
				GCC_C_LANGUAGE_STANDARD = gnu11;
				GCC_DYNAMIC_NO_PIC = NO;
				GCC_NO_COMMON_BLOCKS = YES;
				GCC_OPTIMIZATION_LEVEL = 0;
				GCC_PREPROCESSOR_DEFINITIONS = (
					"DEBUG=1",
					"$(inherited)",
				);
				GCC_WARN_64_TO_32_BIT_CONVERSION = YES;
				GCC_WARN_ABOUT_RETURN_TYPE = YES_ERROR;
				GCC_WARN_UNDECLARED_SELECTOR = YES;
				GCC_WARN_UNINITIALIZED_AUTOS = YES_AGGRESSIVE;
				GCC_WARN_UNUSED_FUNCTION = YES;
				GCC_WARN_UNUSED_VARIABLE = YES;
				IPHONEOS_DEPLOYMENT_TARGET = 12.4;
				MTL_ENABLE_DEBUG_INFO = INCLUDE_SOURCE;
				MTL_FAST_MATH = YES;
				ONLY_ACTIVE_ARCH = YES;
				SDKROOT = iphoneos;
				SWIFT_ACTIVE_COMPILATION_CONDITIONS = DEBUG;
				SWIFT_OPTIMIZATION_LEVEL = "-Onone";
			};
			name = Debug;
		};
		B1F7F3A8237FF59800929800 /* Release */ = {
			isa = XCBuildConfiguration;
			buildSettings = {
				ALWAYS_SEARCH_USER_PATHS = NO;
				CLANG_ANALYZER_NONNULL = YES;
				CLANG_ANALYZER_NUMBER_OBJECT_CONVERSION = YES_AGGRESSIVE;
				CLANG_CXX_LANGUAGE_STANDARD = "gnu++14";
				CLANG_CXX_LIBRARY = "libc++";
				CLANG_ENABLE_MODULES = YES;
				CLANG_ENABLE_OBJC_ARC = YES;
				CLANG_ENABLE_OBJC_WEAK = YES;
				CLANG_WARN_BLOCK_CAPTURE_AUTORELEASING = YES;
				CLANG_WARN_BOOL_CONVERSION = YES;
				CLANG_WARN_COMMA = YES;
				CLANG_WARN_CONSTANT_CONVERSION = YES;
				CLANG_WARN_DEPRECATED_OBJC_IMPLEMENTATIONS = YES;
				CLANG_WARN_DIRECT_OBJC_ISA_USAGE = YES_ERROR;
				CLANG_WARN_DOCUMENTATION_COMMENTS = YES;
				CLANG_WARN_EMPTY_BODY = YES;
				CLANG_WARN_ENUM_CONVERSION = YES;
				CLANG_WARN_INFINITE_RECURSION = YES;
				CLANG_WARN_INT_CONVERSION = YES;
				CLANG_WARN_NON_LITERAL_NULL_CONVERSION = YES;
				CLANG_WARN_OBJC_IMPLICIT_RETAIN_SELF = YES;
				CLANG_WARN_OBJC_LITERAL_CONVERSION = YES;
				CLANG_WARN_OBJC_ROOT_CLASS = YES_ERROR;
				CLANG_WARN_RANGE_LOOP_ANALYSIS = YES;
				CLANG_WARN_STRICT_PROTOTYPES = YES;
				CLANG_WARN_SUSPICIOUS_MOVE = YES;
				CLANG_WARN_UNGUARDED_AVAILABILITY = YES_AGGRESSIVE;
				CLANG_WARN_UNREACHABLE_CODE = YES;
				CLANG_WARN__DUPLICATE_METHOD_MATCH = YES;
				CODE_SIGN_IDENTITY = "iPhone Developer";
				COPY_PHASE_STRIP = NO;
				DEBUG_INFORMATION_FORMAT = "dwarf-with-dsym";
				ENABLE_NS_ASSERTIONS = NO;
				ENABLE_STRICT_OBJC_MSGSEND = YES;
				GCC_C_LANGUAGE_STANDARD = gnu11;
				GCC_NO_COMMON_BLOCKS = YES;
				GCC_WARN_64_TO_32_BIT_CONVERSION = YES;
				GCC_WARN_ABOUT_RETURN_TYPE = YES_ERROR;
				GCC_WARN_UNDECLARED_SELECTOR = YES;
				GCC_WARN_UNINITIALIZED_AUTOS = YES_AGGRESSIVE;
				GCC_WARN_UNUSED_FUNCTION = YES;
				GCC_WARN_UNUSED_VARIABLE = YES;
				IPHONEOS_DEPLOYMENT_TARGET = 12.4;
				MTL_ENABLE_DEBUG_INFO = NO;
				MTL_FAST_MATH = YES;
				SDKROOT = iphoneos;
				SWIFT_COMPILATION_MODE = wholemodule;
				SWIFT_OPTIMIZATION_LEVEL = "-O";
				VALIDATE_PRODUCT = YES;
			};
			name = Release;
		};
		B1F7F3AA237FF59800929800 /* Debug */ = {
			isa = XCBuildConfiguration;
			buildSettings = {
				ASSETCATALOG_COMPILER_APPICON_NAME = AppIcon;
				CODE_SIGN_STYLE = Automatic;
				INFOPLIST_FILE = SberbankStepUp/Info.plist;
				LD_RUNPATH_SEARCH_PATHS = (
					"$(inherited)",
					"@executable_path/Frameworks",
				);
				PRODUCT_BUNDLE_IDENTIFIER = mooduck.SberbankStepUp;
				PRODUCT_NAME = "$(TARGET_NAME)";
				SWIFT_VERSION = 5.0;
				TARGETED_DEVICE_FAMILY = 1;
			};
			name = Debug;
		};
		B1F7F3AB237FF59800929800 /* Release */ = {
			isa = XCBuildConfiguration;
			buildSettings = {
				ASSETCATALOG_COMPILER_APPICON_NAME = AppIcon;
				CODE_SIGN_STYLE = Automatic;
				INFOPLIST_FILE = SberbankStepUp/Info.plist;
				LD_RUNPATH_SEARCH_PATHS = (
					"$(inherited)",
					"@executable_path/Frameworks",
				);
				PRODUCT_BUNDLE_IDENTIFIER = mooduck.SberbankStepUp;
				PRODUCT_NAME = "$(TARGET_NAME)";
				SWIFT_VERSION = 5.0;
				TARGETED_DEVICE_FAMILY = 1;
			};
			name = Release;
		};
/* End XCBuildConfiguration section */

/* Begin XCConfigurationList section */
		B1F7F392237FF59500929800 /* Build configuration list for PBXProject "SberbankStepUp" */ = {
			isa = XCConfigurationList;
			buildConfigurations = (
				B1F7F3A7237FF59800929800 /* Debug */,
				B1F7F3A8237FF59800929800 /* Release */,
			);
			defaultConfigurationIsVisible = 0;
			defaultConfigurationName = Release;
		};
		B1F7F3A9237FF59800929800 /* Build configuration list for PBXNativeTarget "SberbankStepUp" */ = {
			isa = XCConfigurationList;
			buildConfigurations = (
				B1F7F3AA237FF59800929800 /* Debug */,
				B1F7F3AB237FF59800929800 /* Release */,
			);
			defaultConfigurationIsVisible = 0;
			defaultConfigurationName = Release;
		};
/* End XCConfigurationList section */
	};
	rootObject = B1F7F38F237FF59500929800 /* Project object */;
}
